// !$*UTF8*$!
{
	archiveVersion = 1;
	classes = {
	};
	objectVersion = 46;
	objects = {

/* Begin PBXBuildFile section */
		A326E39C1D1B0D0F00317AFD /* AppDelegate.swift in Sources */ = {isa = PBXBuildFile; fileRef = A326E39B1D1B0D0F00317AFD /* AppDelegate.swift */; };
		A326E39E1D1B0D0F00317AFD /* ViewController.swift in Sources */ = {isa = PBXBuildFile; fileRef = A326E39D1D1B0D0F00317AFD /* ViewController.swift */; };
		A326E3A11D1B0D0F00317AFD /* Main.storyboard in Resources */ = {isa = PBXBuildFile; fileRef = A326E39F1D1B0D0F00317AFD /* Main.storyboard */; };
		A326E3A31D1B0D0F00317AFD /* Assets.xcassets in Resources */ = {isa = PBXBuildFile; fileRef = A326E3A21D1B0D0F00317AFD /* Assets.xcassets */; };
		A326E3A61D1B0D0F00317AFD /* LaunchScreen.storyboard in Resources */ = {isa = PBXBuildFile; fileRef = A326E3A41D1B0D0F00317AFD /* LaunchScreen.storyboard */; };
		A326E3B01D1B13AF00317AFD /* PersonCell.swift in Sources */ = {isa = PBXBuildFile; fileRef = A326E3AF1D1B13AF00317AFD /* PersonCell.swift */; };
/* End PBXBuildFile section */

/* Begin PBXFileReference section */
		A326E3981D1B0D0F00317AFD /* MissingPersons.app */ = {isa = PBXFileReference; explicitFileType = wrapper.application; includeInIndex = 0; path = MissingPersons.app; sourceTree = BUILT_PRODUCTS_DIR; };
		A326E39B1D1B0D0F00317AFD /* AppDelegate.swift */ = {isa = PBXFileReference; lastKnownFileType = sourcecode.swift; path = AppDelegate.swift; sourceTree = "<group>"; };
		A326E39D1D1B0D0F00317AFD /* ViewController.swift */ = {isa = PBXFileReference; lastKnownFileType = sourcecode.swift; path = ViewController.swift; sourceTree = "<group>"; };
		A326E3A01D1B0D0F00317AFD /* Base */ = {isa = PBXFileReference; lastKnownFileType = file.storyboard; name = Base; path = Base.lproj/Main.storyboard; sourceTree = "<group>"; };
		A326E3A21D1B0D0F00317AFD /* Assets.xcassets */ = {isa = PBXFileReference; lastKnownFileType = folder.assetcatalog; path = Assets.xcassets; sourceTree = "<group>"; };
		A326E3A51D1B0D0F00317AFD /* Base */ = {isa = PBXFileReference; lastKnownFileType = file.storyboard; name = Base; path = Base.lproj/LaunchScreen.storyboard; sourceTree = "<group>"; };
		A326E3A71D1B0D0F00317AFD /* Info.plist */ = {isa = PBXFileReference; lastKnownFileType = text.plist.xml; path = Info.plist; sourceTree = "<group>"; };
		A326E3AF1D1B13AF00317AFD /* PersonCell.swift */ = {isa = PBXFileReference; fileEncoding = 4; lastKnownFileType = sourcecode.swift; path = PersonCell.swift; sourceTree = "<group>"; };
/* End PBXFileReference section */

/* Begin PBXFrameworksBuildPhase section */
		A326E3951D1B0D0F00317AFD /* Frameworks */ = {
			isa = PBXFrameworksBuildPhase;
			buildActionMask = 2147483647;
			files = (
			);
			runOnlyForDeploymentPostprocessing = 0;
		};
/* End PBXFrameworksBuildPhase section */

/* Begin PBXGroup section */
		A326E38F1D1B0D0F00317AFD = {
			isa = PBXGroup;
			children = (
				A326E39A1D1B0D0F00317AFD /* MissingPersons */,
				A326E3991D1B0D0F00317AFD /* Products */,
			);
			sourceTree = "<group>";
		};
		A326E3991D1B0D0F00317AFD /* Products */ = {
			isa = PBXGroup;
			children = (
				A326E3981D1B0D0F00317AFD /* MissingPersons.app */,
			);
			name = Products;
			sourceTree = "<group>";
		};
		A326E39A1D1B0D0F00317AFD /* MissingPersons */ = {
			isa = PBXGroup;
			children = (
				A326E39B1D1B0D0F00317AFD /* AppDelegate.swift */,
				A326E3AF1D1B13AF00317AFD /* PersonCell.swift */,
				A326E39D1D1B0D0F00317AFD /* ViewController.swift */,
				A326E39F1D1B0D0F00317AFD /* Main.storyboard */,
				A326E3A21D1B0D0F00317AFD /* Assets.xcassets */,
				A326E3A41D1B0D0F00317AFD /* LaunchScreen.storyboard */,
				A326E3A71D1B0D0F00317AFD /* Info.plist */,
			);
			path = MissingPersons;
			sourceTree = "<group>";
		};
/* End PBXGroup section */

/* Begin PBXNativeTarget section */
		A326E3971D1B0D0F00317AFD /* MissingPersons */ = {
			isa = PBXNativeTarget;
			buildConfigurationList = A326E3AA1D1B0D0F00317AFD /* Build configuration list for PBXNativeTarget "MissingPersons" */;
			buildPhases = (
				A326E3941D1B0D0F00317AFD /* Sources */,
				A326E3951D1B0D0F00317AFD /* Frameworks */,
				A326E3961D1B0D0F00317AFD /* Resources */,
			);
			buildRules = (
			);
			dependencies = (
			);
			name = MissingPersons;
			productName = MissingPersons;
			productReference = A326E3981D1B0D0F00317AFD /* MissingPersons.app */;
			productType = "com.apple.product-type.application";
		};
/* End PBXNativeTarget section */

/* Begin PBXProject section */
		A326E3901D1B0D0F00317AFD /* Project object */ = {
			isa = PBXProject;
			attributes = {
				LastSwiftUpdateCheck = 0730;
				LastUpgradeCheck = 0730;
				ORGANIZATIONNAME = Techinator;
				TargetAttributes = {
					A326E3971D1B0D0F00317AFD = {
						CreatedOnToolsVersion = 7.3;
						DevelopmentTeam = KMTZDB3J22;
					};
				};
			};
			buildConfigurationList = A326E3931D1B0D0F00317AFD /* Build configuration list for PBXProject "MissingPersons" */;
			compatibilityVersion = "Xcode 3.2";
			developmentRegion = English;
			hasScannedForEncodings = 0;
			knownRegions = (
				en,
				Base,
			);
			mainGroup = A326E38F1D1B0D0F00317AFD;
			productRefGroup = A326E3991D1B0D0F00317AFD /* Products */;
			projectDirPath = "";
			projectRoot = "";
			targets = (
				A326E3971D1B0D0F00317AFD /* MissingPersons */,
			);
		};
/* End PBXProject section */

/* Begin PBXResourcesBuildPhase section */
		A326E3961D1B0D0F00317AFD /* Resources */ = {
			isa = PBXResourcesBuildPhase;
			buildActionMask = 2147483647;
			files = (
				A326E3A61D1B0D0F00317AFD /* LaunchScreen.storyboard in Resources */,
				A326E3A31D1B0D0F00317AFD /* Assets.xcassets in Resources */,
				A326E3A11D1B0D0F00317AFD /* Main.storyboard in Resources */,
			);
			runOnlyForDeploymentPostprocessing = 0;
		};
/* End PBXResourcesBuildPhase section */

/* Begin PBXSourcesBuildPhase section */
		A326E3941D1B0D0F00317AFD /* Sources */ = {
			isa = PBXSourcesBuildPhase;
			buildActionMask = 2147483647;
			files = (
				A326E3B01D1B13AF00317AFD /* PersonCell.swift in Sources */,
				A326E39E1D1B0D0F00317AFD /* ViewController.swift in Sources */,
				A326E39C1D1B0D0F00317AFD /* AppDelegate.swift in Sources */,
			);
			runOnlyForDeploymentPostprocessing = 0;
		};
/* End PBXSourcesBuildPhase section */

/* Begin PBXVariantGroup section */
		A326E39F1D1B0D0F00317AFD /* Main.storyboard */ = {
			isa = PBXVariantGroup;
			children = (
				A326E3A01D1B0D0F00317AFD /* Base */,
			);
			name = Main.storyboard;
			sourceTree = "<group>";
		};
		A326E3A41D1B0D0F00317AFD /* LaunchScreen.storyboard */ = {
			isa = PBXVariantGroup;
			children = (
				A326E3A51D1B0D0F00317AFD /* Base */,
			);
			name = LaunchScreen.storyboard;
			sourceTree = "<group>";
		};
/* End PBXVariantGroup section */

/* Begin XCBuildConfiguration section */
		A326E3A81D1B0D0F00317AFD /* Debug */ = {
			isa = XCBuildConfiguration;
			buildSettings = {
				ALWAYS_SEARCH_USER_PATHS = NO;
				CLANG_ANALYZER_NONNULL = YES;
				CLANG_CXX_LANGUAGE_STANDARD = "gnu++0x";
				CLANG_CXX_LIBRARY = "libc++";
				CLANG_ENABLE_MODULES = YES;
				CLANG_ENABLE_OBJC_ARC = YES;
				CLANG_WARN_BOOL_CONVERSION = YES;
				CLANG_WARN_CONSTANT_CONVERSION = YES;
				CLANG_WARN_DIRECT_OBJC_ISA_USAGE = YES_ERROR;
				CLANG_WARN_EMPTY_BODY = YES;
				CLANG_WARN_ENUM_CONVERSION = YES;
				CLANG_WARN_INT_CONVERSION = YES;
				CLANG_WARN_OBJC_ROOT_CLASS = YES_ERROR;
				CLANG_WARN_UNREACHABLE_CODE = YES;
				CLANG_WARN__DUPLICATE_METHOD_MATCH = YES;
				"CODE_SIGN_IDENTITY[sdk=iphoneos*]" = "iPhone Developer";
				COPY_PHASE_STRIP = NO;
				DEBUG_INFORMATION_FORMAT = dwarf;
				ENABLE_STRICT_OBJC_MSGSEND = YES;
				ENABLE_TESTABILITY = YES;
				GCC_C_LANGUAGE_STANDARD = gnu99;
				GCC_DYNAMIC_NO_PIC = NO;
				GCC_NO_COMMON_BLOCKS = YES;
				GCC_OPTIMIZATION_LEVEL = 0;
				GCC_PREPROCESSOR_DEFINITIONS = (
					"DEBUG=1",
					"$(inherited)",
				);
				GCC_WARN_64_TO_32_BIT_CONVERSION = YES;
				GCC_WARN_ABOUT_RETURN_TYPE = YES_ERROR;
				GCC_WARN_UNDECLARED_SELECTOR = YES;
				GCC_WARN_UNINITIALIZED_AUTOS = YES_AGGRESSIVE;
				GCC_WARN_UNUSED_FUNCTION = YES;
				GCC_WARN_UNUSED_VARIABLE = YES;
				IPHONEOS_DEPLOYMENT_TARGET = 9.3;
				MTL_ENABLE_DEBUG_INFO = YES;
				ONLY_ACTIVE_ARCH = YES;
				SDKROOT = iphoneos;
				SWIFT_OPTIMIZATION_LEVEL = "-Onone";
				TARGETED_DEVICE_FAMILY = "1,2";
			};
			name = Debug;
		};
		A326E3A91D1B0D0F00317AFD /* Release */ = {
			isa = XCBuildConfiguration;
			buildSettings = {
				ALWAYS_SEARCH_USER_PATHS = NO;
				CLANG_ANALYZER_NONNULL = YES;
				CLANG_CXX_LANGUAGE_STANDARD = "gnu++0x";
				CLANG_CXX_LIBRARY = "libc++";
				CLANG_ENABLE_MODULES = YES;
				CLANG_ENABLE_OBJC_ARC = YES;
				CLANG_WARN_BOOL_CONVERSION = YES;
				CLANG_WARN_CONSTANT_CONVERSION = YES;
				CLANG_WARN_DIRECT_OBJC_ISA_USAGE = YES_ERROR;
				CLANG_WARN_EMPTY_BODY = YES;
				CLANG_WARN_ENUM_CONVERSION = YES;
				CLANG_WARN_INT_CONVERSION = YES;
				CLANG_WARN_OBJC_ROOT_CLASS = YES_ERROR;
				CLANG_WARN_UNREACHABLE_CODE = YES;
				CLANG_WARN__DUPLICATE_METHOD_MATCH = YES;
				"CODE_SIGN_IDENTITY[sdk=iphoneos*]" = "iPhone Developer";
				COPY_PHASE_STRIP = NO;
				DEBUG_INFORMATION_FORMAT = "dwarf-with-dsym";
				ENABLE_NS_ASSERTIONS = NO;
				ENABLE_STRICT_OBJC_MSGSEND = YES;
				GCC_C_LANGUAGE_STANDARD = gnu99;
				GCC_NO_COMMON_BLOCKS = YES;
				GCC_WARN_64_TO_32_BIT_CONVERSION = YES;
				GCC_WARN_ABOUT_RETURN_TYPE = YES_ERROR;
				GCC_WARN_UNDECLARED_SELECTOR = YES;
				GCC_WARN_UNINITIALIZED_AUTOS = YES_AGGRESSIVE;
				GCC_WARN_UNUSED_FUNCTION = YES;
				GCC_WARN_UNUSED_VARIABLE = YES;
				IPHONEOS_DEPLOYMENT_TARGET = 9.3;
				MTL_ENABLE_DEBUG_INFO = NO;
				SDKROOT = iphoneos;
				TARGETED_DEVICE_FAMILY = "1,2";
				VALIDATE_PRODUCT = YES;
			};
			name = Release;
		};
		A326E3AB1D1B0D0F00317AFD /* Debug */ = {
			isa = XCBuildConfiguration;
			buildSettings = {
				ASSETCATALOG_COMPILER_APPICON_NAME = AppIcon;
				INFOPLIST_FILE = MissingPersons/Info.plist;
				LD_RUNPATH_SEARCH_PATHS = "$(inherited) @executable_path/Frameworks";
				PRODUCT_BUNDLE_IDENTIFIER = com.Techinator.MissingPersons;
				PRODUCT_NAME = "$(TARGET_NAME)";
			};
			name = Debug;
		};
		A326E3AC1D1B0D0F00317AFD /* Release */ = {
			isa = XCBuildConfiguration;
			buildSettings = {
				ASSETCATALOG_COMPILER_APPICON_NAME = AppIcon;
				INFOPLIST_FILE = MissingPersons/Info.plist;
				LD_RUNPATH_SEARCH_PATHS = "$(inherited) @executable_path/Frameworks";
				PRODUCT_BUNDLE_IDENTIFIER = com.Techinator.MissingPersons;
				PRODUCT_NAME = "$(TARGET_NAME)";
			};
			name = Release;
		};
/* End XCBuildConfiguration section */

/* Begin XCConfigurationList section */
		A326E3931D1B0D0F00317AFD /* Build configuration list for PBXProject "MissingPersons" */ = {
			isa = XCConfigurationList;
			buildConfigurations = (
				A326E3A81D1B0D0F00317AFD /* Debug */,
				A326E3A91D1B0D0F00317AFD /* Release */,
			);
			defaultConfigurationIsVisible = 0;
			defaultConfigurationName = Release;
		};
		A326E3AA1D1B0D0F00317AFD /* Build configuration list for PBXNativeTarget "MissingPersons" */ = {
			isa = XCConfigurationList;
			buildConfigurations = (
				A326E3AB1D1B0D0F00317AFD /* Debug */,
				A326E3AC1D1B0D0F00317AFD /* Release */,
			);
			defaultConfigurationIsVisible = 0;
		};
/* End XCConfigurationList section */
	};
	rootObject = A326E3901D1B0D0F00317AFD /* Project object */;
}
